// !$*UTF8*$!
{
	archiveVersion = 1;
	classes = {
	};
	objectVersion = 46;
	objects = {

/* Begin PBXBuildFile section */
		92935250FE3ED556A4DC5745 /* Pods_Spine.framework in Frameworks */ = {isa = PBXBuildFile; fileRef = FB5A20CE10DEF75F438345C4 /* Pods_Spine.framework */; };
		C4C3041E1D8A1CB600DD8E31 /* AppDelegate.swift in Sources */ = {isa = PBXBuildFile; fileRef = C4C3041D1D8A1CB600DD8E31 /* AppDelegate.swift */; };
		C4C304201D8A1CB600DD8E31 /* ViewController.swift in Sources */ = {isa = PBXBuildFile; fileRef = C4C3041F1D8A1CB600DD8E31 /* ViewController.swift */; };
		C4C304231D8A1CB600DD8E31 /* Main.storyboard in Resources */ = {isa = PBXBuildFile; fileRef = C4C304211D8A1CB600DD8E31 /* Main.storyboard */; };
		C4C304251D8A1CB600DD8E31 /* Assets.xcassets in Resources */ = {isa = PBXBuildFile; fileRef = C4C304241D8A1CB600DD8E31 /* Assets.xcassets */; };
		C4C304281D8A1CB600DD8E31 /* LaunchScreen.storyboard in Resources */ = {isa = PBXBuildFile; fileRef = C4C304261D8A1CB600DD8E31 /* LaunchScreen.storyboard */; };
/* End PBXBuildFile section */

/* Begin PBXFileReference section */
		0D0F64F4515E96452A5D439B /* Pods-Spine.release.xcconfig */ = {isa = PBXFileReference; includeInIndex = 1; lastKnownFileType = text.xcconfig; name = "Pods-Spine.release.xcconfig"; path = "Pods/Target Support Files/Pods-Spine/Pods-Spine.release.xcconfig"; sourceTree = "<group>"; };
		3B29C1385DB8242DC3D71811 /* Pods-Spine.debug.xcconfig */ = {isa = PBXFileReference; includeInIndex = 1; lastKnownFileType = text.xcconfig; name = "Pods-Spine.debug.xcconfig"; path = "Pods/Target Support Files/Pods-Spine/Pods-Spine.debug.xcconfig"; sourceTree = "<group>"; };
		C4C3041A1D8A1CB600DD8E31 /* Spine.app */ = {isa = PBXFileReference; explicitFileType = wrapper.application; includeInIndex = 0; path = Spine.app; sourceTree = BUILT_PRODUCTS_DIR; };
		C4C3041D1D8A1CB600DD8E31 /* AppDelegate.swift */ = {isa = PBXFileReference; lastKnownFileType = sourcecode.swift; path = AppDelegate.swift; sourceTree = "<group>"; };
		C4C3041F1D8A1CB600DD8E31 /* ViewController.swift */ = {isa = PBXFileReference; lastKnownFileType = sourcecode.swift; path = ViewController.swift; sourceTree = "<group>"; };
		C4C304221D8A1CB600DD8E31 /* Base */ = {isa = PBXFileReference; lastKnownFileType = file.storyboard; name = Base; path = Base.lproj/Main.storyboard; sourceTree = "<group>"; };
		C4C304241D8A1CB600DD8E31 /* Assets.xcassets */ = {isa = PBXFileReference; lastKnownFileType = folder.assetcatalog; path = Assets.xcassets; sourceTree = "<group>"; };
		C4C304271D8A1CB600DD8E31 /* Base */ = {isa = PBXFileReference; lastKnownFileType = file.storyboard; name = Base; path = Base.lproj/LaunchScreen.storyboard; sourceTree = "<group>"; };
		C4C304291D8A1CB600DD8E31 /* Info.plist */ = {isa = PBXFileReference; lastKnownFileType = text.plist.xml; path = Info.plist; sourceTree = "<group>"; };
		FB5A20CE10DEF75F438345C4 /* Pods_Spine.framework */ = {isa = PBXFileReference; explicitFileType = wrapper.framework; includeInIndex = 0; path = Pods_Spine.framework; sourceTree = BUILT_PRODUCTS_DIR; };
/* End PBXFileReference section */

/* Begin PBXFrameworksBuildPhase section */
		C4C304171D8A1CB600DD8E31 /* Frameworks */ = {
			isa = PBXFrameworksBuildPhase;
			buildActionMask = 2147483647;
			files = (
				92935250FE3ED556A4DC5745 /* Pods_Spine.framework in Frameworks */,
			);
			runOnlyForDeploymentPostprocessing = 0;
		};
/* End PBXFrameworksBuildPhase section */

/* Begin PBXGroup section */
		275FD06ED9002FED85130247 /* Frameworks */ = {
			isa = PBXGroup;
			children = (
				FB5A20CE10DEF75F438345C4 /* Pods_Spine.framework */,
			);
			name = Frameworks;
			sourceTree = "<group>";
		};
		7E55F9585194D61621D8FD11 /* Pods */ = {
			isa = PBXGroup;
			children = (
				3B29C1385DB8242DC3D71811 /* Pods-Spine.debug.xcconfig */,
				0D0F64F4515E96452A5D439B /* Pods-Spine.release.xcconfig */,
			);
			name = Pods;
			sourceTree = "<group>";
		};
		C4C304111D8A1CB600DD8E31 = {
			isa = PBXGroup;
			children = (
				C4C3041C1D8A1CB600DD8E31 /* Spine */,
				C4C3041B1D8A1CB600DD8E31 /* Products */,
				7E55F9585194D61621D8FD11 /* Pods */,
				275FD06ED9002FED85130247 /* Frameworks */,
			);
			sourceTree = "<group>";
		};
		C4C3041B1D8A1CB600DD8E31 /* Products */ = {
			isa = PBXGroup;
			children = (
				C4C3041A1D8A1CB600DD8E31 /* Spine.app */,
			);
			name = Products;
			sourceTree = "<group>";
		};
		C4C3041C1D8A1CB600DD8E31 /* Spine */ = {
			isa = PBXGroup;
			children = (
				C4C3041D1D8A1CB600DD8E31 /* AppDelegate.swift */,
				C4C3041F1D8A1CB600DD8E31 /* ViewController.swift */,
				C4C304211D8A1CB600DD8E31 /* Main.storyboard */,
				C4C304241D8A1CB600DD8E31 /* Assets.xcassets */,
				C4C304261D8A1CB600DD8E31 /* LaunchScreen.storyboard */,
				C4C304291D8A1CB600DD8E31 /* Info.plist */,
			);
			path = Spine;
			sourceTree = "<group>";
		};
/* End PBXGroup section */

/* Begin PBXNativeTarget section */
		C4C304191D8A1CB600DD8E31 /* Spine */ = {
			isa = PBXNativeTarget;
			buildConfigurationList = C4C3042C1D8A1CB600DD8E31 /* Build configuration list for PBXNativeTarget "Spine" */;
			buildPhases = (
				3E307BEF962FAACB9E090A80 /* [CP] Check Pods Manifest.lock */,
				C4C304161D8A1CB600DD8E31 /* Sources */,
				C4C304171D8A1CB600DD8E31 /* Frameworks */,
				C4C304181D8A1CB600DD8E31 /* Resources */,
				472CCE2681B6B1C6AD1924FB /* [CP] Embed Pods Frameworks */,
				9C43CC9C07C4B766390DD6B7 /* [CP] Copy Pods Resources */,
			);
			buildRules = (
			);
			dependencies = (
			);
			name = Spine;
			productName = Spine;
			productReference = C4C3041A1D8A1CB600DD8E31 /* Spine.app */;
			productType = "com.apple.product-type.application";
		};
/* End PBXNativeTarget section */

/* Begin PBXProject section */
		C4C304121D8A1CB600DD8E31 /* Project object */ = {
			isa = PBXProject;
			attributes = {
				LastSwiftUpdateCheck = 0800;
				LastUpgradeCheck = 0800;
				ORGANIZATIONNAME = "Alex Paul";
				TargetAttributes = {
					C4C304191D8A1CB600DD8E31 = {
						CreatedOnToolsVersion = 8.0;
						DevelopmentTeam = ZEKMNK5YD3;
						ProvisioningStyle = Automatic;
					};
				};
			};
			buildConfigurationList = C4C304151D8A1CB600DD8E31 /* Build configuration list for PBXProject "Spine" */;
			compatibilityVersion = "Xcode 3.2";
			developmentRegion = English;
			hasScannedForEncodings = 0;
			knownRegions = (
				en,
				Base,
			);
			mainGroup = C4C304111D8A1CB600DD8E31;
			productRefGroup = C4C3041B1D8A1CB600DD8E31 /* Products */;
			projectDirPath = "";
			projectRoot = "";
			targets = (
				C4C304191D8A1CB600DD8E31 /* Spine */,
			);
		};
/* End PBXProject section */

/* Begin PBXResourcesBuildPhase section */
		C4C304181D8A1CB600DD8E31 /* Resources */ = {
			isa = PBXResourcesBuildPhase;
			buildActionMask = 2147483647;
			files = (
				C4C304281D8A1CB600DD8E31 /* LaunchScreen.storyboard in Resources */,
				C4C304251D8A1CB600DD8E31 /* Assets.xcassets in Resources */,
				C4C304231D8A1CB600DD8E31 /* Main.storyboard in Resources */,
			);
			runOnlyForDeploymentPostprocessing = 0;
		};
/* End PBXResourcesBuildPhase section */

/* Begin PBXShellScriptBuildPhase section */
		3E307BEF962FAACB9E090A80 /* [CP] Check Pods Manifest.lock */ = {
			isa = PBXShellScriptBuildPhase;
			buildActionMask = 2147483647;
			files = (
			);
			inputPaths = (
			);
			name = "[CP] Check Pods Manifest.lock";
			outputPaths = (
			);
			runOnlyForDeploymentPostprocessing = 0;
			shellPath = /bin/sh;
			shellScript = "diff \"${PODS_ROOT}/../Podfile.lock\" \"${PODS_ROOT}/Manifest.lock\" > /dev/null\nif [[ $? != 0 ]] ; then\n    cat << EOM\nerror: The sandbox is not in sync with the Podfile.lock. Run 'pod install' or update your CocoaPods installation.\nEOM\n    exit 1\nfi\n";
			showEnvVarsInLog = 0;
		};
		472CCE2681B6B1C6AD1924FB /* [CP] Embed Pods Frameworks */ = {
			isa = PBXShellScriptBuildPhase;
			buildActionMask = 2147483647;
			files = (
			);
			inputPaths = (
			);
			name = "[CP] Embed Pods Frameworks";
			outputPaths = (
			);
			runOnlyForDeploymentPostprocessing = 0;
			shellPath = /bin/sh;
			shellScript = "\"${SRCROOT}/Pods/Target Support Files/Pods-Spine/Pods-Spine-frameworks.sh\"\n";
			showEnvVarsInLog = 0;
		};
		9C43CC9C07C4B766390DD6B7 /* [CP] Copy Pods Resources */ = {
			isa = PBXShellScriptBuildPhase;
			buildActionMask = 2147483647;
			files = (
			);
			inputPaths = (
			);
			name = "[CP] Copy Pods Resources";
			outputPaths = (
			);
			runOnlyForDeploymentPostprocessing = 0;
			shellPath = /bin/sh;
			shellScript = "\"${SRCROOT}/Pods/Target Support Files/Pods-Spine/Pods-Spine-resources.sh\"\n";
			showEnvVarsInLog = 0;
		};
/* End PBXShellScriptBuildPhase section */

/* Begin PBXSourcesBuildPhase section */
		C4C304161D8A1CB600DD8E31 /* Sources */ = {
			isa = PBXSourcesBuildPhase;
			buildActionMask = 2147483647;
			files = (
				C4C304201D8A1CB600DD8E31 /* ViewController.swift in Sources */,
				C4C3041E1D8A1CB600DD8E31 /* AppDelegate.swift in Sources */,
			);
			runOnlyForDeploymentPostprocessing = 0;
		};
/* End PBXSourcesBuildPhase section */

/* Begin PBXVariantGroup section */
		C4C304211D8A1CB600DD8E31 /* Main.storyboard */ = {
			isa = PBXVariantGroup;
			children = (
				C4C304221D8A1CB600DD8E31 /* Base */,
			);
			name = Main.storyboard;
			sourceTree = "<group>";
		};
		C4C304261D8A1CB600DD8E31 /* LaunchScreen.storyboard */ = {
			isa = PBXVariantGroup;
			children = (
				C4C304271D8A1CB600DD8E31 /* Base */,
			);
			name = LaunchScreen.storyboard;
			sourceTree = "<group>";
		};
/* End PBXVariantGroup section */

/* Begin XCBuildConfiguration section */
		C4C3042A1D8A1CB600DD8E31 /* Debug */ = {
			isa = XCBuildConfiguration;
			buildSettings = {
				ALWAYS_SEARCH_USER_PATHS = NO;
				CLANG_ANALYZER_NONNULL = YES;
				CLANG_CXX_LANGUAGE_STANDARD = "gnu++0x";
				CLANG_CXX_LIBRARY = "libc++";
				CLANG_ENABLE_MODULES = YES;
				CLANG_ENABLE_OBJC_ARC = YES;
				CLANG_WARN_BOOL_CONVERSION = YES;
				CLANG_WARN_CONSTANT_CONVERSION = YES;
				CLANG_WARN_DIRECT_OBJC_ISA_USAGE = YES_ERROR;
				CLANG_WARN_DOCUMENTATION_COMMENTS = YES;
				CLANG_WARN_EMPTY_BODY = YES;
				CLANG_WARN_ENUM_CONVERSION = YES;
				CLANG_WARN_INFINITE_RECURSION = YES;
				CLANG_WARN_INT_CONVERSION = YES;
				CLANG_WARN_OBJC_ROOT_CLASS = YES_ERROR;
				CLANG_WARN_SUSPICIOUS_MOVES = YES;
				CLANG_WARN_UNREACHABLE_CODE = YES;
				CLANG_WARN__DUPLICATE_METHOD_MATCH = YES;
				"CODE_SIGN_IDENTITY[sdk=iphoneos*]" = "iPhone Developer";
				COPY_PHASE_STRIP = NO;
				DEBUG_INFORMATION_FORMAT = dwarf;
				ENABLE_STRICT_OBJC_MSGSEND = YES;
				ENABLE_TESTABILITY = YES;
				GCC_C_LANGUAGE_STANDARD = gnu99;
				GCC_DYNAMIC_NO_PIC = NO;
				GCC_NO_COMMON_BLOCKS = YES;
				GCC_OPTIMIZATION_LEVEL = 0;
				GCC_PREPROCESSOR_DEFINITIONS = (
					"DEBUG=1",
					"$(inherited)",
				);
				GCC_WARN_64_TO_32_BIT_CONVERSION = YES;
				GCC_WARN_ABOUT_RETURN_TYPE = YES_ERROR;
				GCC_WARN_UNDECLARED_SELECTOR = YES;
				GCC_WARN_UNINITIALIZED_AUTOS = YES_AGGRESSIVE;
				GCC_WARN_UNUSED_FUNCTION = YES;
				GCC_WARN_UNUSED_VARIABLE = YES;
				IPHONEOS_DEPLOYMENT_TARGET = 10.0;
				MTL_ENABLE_DEBUG_INFO = YES;
				ONLY_ACTIVE_ARCH = YES;
				SDKROOT = iphoneos;
				SWIFT_ACTIVE_COMPILATION_CONDITIONS = DEBUG;
				SWIFT_OPTIMIZATION_LEVEL = "-Onone";
			};
			name = Debug;
		};
		C4C3042B1D8A1CB600DD8E31 /* Release */ = {
			isa = XCBuildConfiguration;
			buildSettings = {
				ALWAYS_SEARCH_USER_PATHS = NO;
				CLANG_ANALYZER_NONNULL = YES;
				CLANG_CXX_LANGUAGE_STANDARD = "gnu++0x";
				CLANG_CXX_LIBRARY = "libc++";
				CLANG_ENABLE_MODULES = YES;
				CLANG_ENABLE_OBJC_ARC = YES;
				CLANG_WARN_BOOL_CONVERSION = YES;
				CLANG_WARN_CONSTANT_CONVERSION = YES;
				CLANG_WARN_DIRECT_OBJC_ISA_USAGE = YES_ERROR;
				CLANG_WARN_DOCUMENTATION_COMMENTS = YES;
				CLANG_WARN_EMPTY_BODY = YES;
				CLANG_WARN_ENUM_CONVERSION = YES;
				CLANG_WARN_INFINITE_RECURSION = YES;
				CLANG_WARN_INT_CONVERSION = YES;
				CLANG_WARN_OBJC_ROOT_CLASS = YES_ERROR;
				CLANG_WARN_SUSPICIOUS_MOVES = YES;
				CLANG_WARN_UNREACHABLE_CODE = YES;
				CLANG_WARN__DUPLICATE_METHOD_MATCH = YES;
				"CODE_SIGN_IDENTITY[sdk=iphoneos*]" = "iPhone Developer";
				COPY_PHASE_STRIP = NO;
				DEBUG_INFORMATION_FORMAT = "dwarf-with-dsym";
				ENABLE_NS_ASSERTIONS = NO;
				ENABLE_STRICT_OBJC_MSGSEND = YES;
				GCC_C_LANGUAGE_STANDARD = gnu99;
				GCC_NO_COMMON_BLOCKS = YES;
				GCC_WARN_64_TO_32_BIT_CONVERSION = YES;
				GCC_WARN_ABOUT_RETURN_TYPE = YES_ERROR;
				GCC_WARN_UNDECLARED_SELECTOR = YES;
				GCC_WARN_UNINITIALIZED_AUTOS = YES_AGGRESSIVE;
				GCC_WARN_UNUSED_FUNCTION = YES;
				GCC_WARN_UNUSED_VARIABLE = YES;
				IPHONEOS_DEPLOYMENT_TARGET = 10.0;
				MTL_ENABLE_DEBUG_INFO = NO;
				SDKROOT = iphoneos;
				SWIFT_OPTIMIZATION_LEVEL = "-Owholemodule";
				VALIDATE_PRODUCT = YES;
			};
			name = Release;
		};
		C4C3042D1D8A1CB600DD8E31 /* Debug */ = {
			isa = XCBuildConfiguration;
			baseConfigurationReference = 3B29C1385DB8242DC3D71811 /* Pods-Spine.debug.xcconfig */;
			buildSettings = {
				ASSETCATALOG_COMPILER_APPICON_NAME = AppIcon;
				DEVELOPMENT_TEAM = ZEKMNK5YD3;
				INFOPLIST_FILE = Spine/Info.plist;
				LD_RUNPATH_SEARCH_PATHS = "$(inherited) @executable_path/Frameworks";
				PRODUCT_BUNDLE_IDENTIFIER = com.alexcpaul.Spine;
				PRODUCT_NAME = "$(TARGET_NAME)";
				SWIFT_VERSION = 3.0;
			};
			name = Debug;
		};
		C4C3042E1D8A1CB600DD8E31 /* Release */ = {
			isa = XCBuildConfiguration;
			baseConfigurationReference = 0D0F64F4515E96452A5D439B /* Pods-Spine.release.xcconfig */;
			buildSettings = {
				ASSETCATALOG_COMPILER_APPICON_NAME = AppIcon;
				DEVELOPMENT_TEAM = ZEKMNK5YD3;
				INFOPLIST_FILE = Spine/Info.plist;
				LD_RUNPATH_SEARCH_PATHS = "$(inherited) @executable_path/Frameworks";
				PRODUCT_BUNDLE_IDENTIFIER = com.alexcpaul.Spine;
				PRODUCT_NAME = "$(TARGET_NAME)";
				SWIFT_VERSION = 3.0;
			};
			name = Release;
		};
/* End XCBuildConfiguration section */

/* Begin XCConfigurationList section */
		C4C304151D8A1CB600DD8E31 /* Build configuration list for PBXProject "Spine" */ = {
			isa = XCConfigurationList;
			buildConfigurations = (
				C4C3042A1D8A1CB600DD8E31 /* Debug */,
				C4C3042B1D8A1CB600DD8E31 /* Release */,
			);
			defaultConfigurationIsVisible = 0;
			defaultConfigurationName = Release;
		};
		C4C3042C1D8A1CB600DD8E31 /* Build configuration list for PBXNativeTarget "Spine" */ = {
			isa = XCConfigurationList;
			buildConfigurations = (
				C4C3042D1D8A1CB600DD8E31 /* Debug */,
				C4C3042E1D8A1CB600DD8E31 /* Release */,
			);
			defaultConfigurationIsVisible = 0;
			defaultConfigurationName = Release;
		};
/* End XCConfigurationList section */
	};
	rootObject = C4C304121D8A1CB600DD8E31 /* Project object */;
}
